
Microsoft Visual Studio Solution File, Format Version 12.00
# Visual Studio 15
VisualStudioVersion = 15.0.26124.0
MinimumVisualStudioVersion = 15.0.26124.0
Project("{FAE04EC0-301F-11D3-BF4B-00C04F79EFBC}") = "Domain", "Domain\Domain.csproj", "{B0FD4890-A9B4-4E60-95CF-C70DBE86B432}"
EndProject
Project("{FAE04EC0-301F-11D3-BF4B-00C04F79EFBC}") = "Application", "Application\Application.csproj", "{141C406F-4E67-4698-A769-DA6B303483DA}"
EndProject
Project("{FAE04EC0-301F-11D3-BF4B-00C04F79EFBC}") = "Persistence", "Persistence\Persistence.csproj", "{B03ADA8B-09F5-469E-911B-456933B27AD6}"
EndProject
Project("{FAE04EC0-301F-11D3-BF4B-00C04F79EFBC}") = "API", "API\API.csproj", "{A0D388B8-9318-44D2-8305-98CE567CA539}"
EndProject
Global
	GlobalSection(SolutionConfigurationPlatforms) = preSolution
		Debug|Any CPU = Debug|Any CPU
		Debug|x64 = Debug|x64
		Debug|x86 = Debug|x86
		Release|Any CPU = Release|Any CPU
		Release|x64 = Release|x64
		Release|x86 = Release|x86
	EndGlobalSection
	GlobalSection(SolutionProperties) = preSolution
		HideSolutionNode = FALSE
	EndGlobalSection
	GlobalSection(ProjectConfigurationPlatforms) = postSolution
		{B0FD4890-A9B4-4E60-95CF-C70DBE86B432}.Debug|Any CPU.ActiveCfg = Debug|Any CPU
		{B0FD4890-A9B4-4E60-95CF-C70DBE86B432}.Debug|Any CPU.Build.0 = Debug|Any CPU
		{B0FD4890-A9B4-4E60-95CF-C70DBE86B432}.Debug|x64.ActiveCfg = Debug|Any CPU
		{B0FD4890-A9B4-4E60-95CF-C70DBE86B432}.Debug|x64.Build.0 = Debug|Any CPU
		{B0FD4890-A9B4-4E60-95CF-C70DBE86B432}.Debug|x86.ActiveCfg = Debug|Any CPU
		{B0FD4890-A9B4-4E60-95CF-C70DBE86B432}.Debug|x86.Build.0 = Debug|Any CPU
		{B0FD4890-A9B4-4E60-95CF-C70DBE86B432}.Release|Any CPU.ActiveCfg = Release|Any CPU
		{B0FD4890-A9B4-4E60-95CF-C70DBE86B432}.Release|Any CPU.Build.0 = Release|Any CPU
		{B0FD4890-A9B4-4E60-95CF-C70DBE86B432}.Release|x64.ActiveCfg = Release|Any CPU
		{B0FD4890-A9B4-4E60-95CF-C70DBE86B432}.Release|x64.Build.0 = Release|Any CPU
		{B0FD4890-A9B4-4E60-95CF-C70DBE86B432}.Release|x86.ActiveCfg = Release|Any CPU
		{B0FD4890-A9B4-4E60-95CF-C70DBE86B432}.Release|x86.Build.0 = Release|Any CPU
		{141C406F-4E67-4698-A769-DA6B303483DA}.Debug|Any CPU.ActiveCfg = Debug|Any CPU
		{141C406F-4E67-4698-A769-DA6B303483DA}.Debug|Any CPU.Build.0 = Debug|Any CPU
		{141C406F-4E67-4698-A769-DA6B303483DA}.Debug|x64.ActiveCfg = Debug|Any CPU
		{141C406F-4E67-4698-A769-DA6B303483DA}.Debug|x64.Build.0 = Debug|Any CPU
		{141C406F-4E67-4698-A769-DA6B303483DA}.Debug|x86.ActiveCfg = Debug|Any CPU
		{141C406F-4E67-4698-A769-DA6B303483DA}.Debug|x86.Build.0 = Debug|Any CPU
		{141C406F-4E67-4698-A769-DA6B303483DA}.Release|Any CPU.ActiveCfg = Release|Any CPU
		{141C406F-4E67-4698-A769-DA6B303483DA}.Release|Any CPU.Build.0 = Release|Any CPU
		{141C406F-4E67-4698-A769-DA6B303483DA}.Release|x64.ActiveCfg = Release|Any CPU
		{141C406F-4E67-4698-A769-DA6B303483DA}.Release|x64.Build.0 = Release|Any CPU
		{141C406F-4E67-4698-A769-DA6B303483DA}.Release|x86.ActiveCfg = Release|Any CPU
		{141C406F-4E67-4698-A769-DA6B303483DA}.Release|x86.Build.0 = Release|Any CPU
		{B03ADA8B-09F5-469E-911B-456933B27AD6}.Debug|Any CPU.ActiveCfg = Debug|Any CPU
		{B03ADA8B-09F5-469E-911B-456933B27AD6}.Debug|Any CPU.Build.0 = Debug|Any CPU
		{B03ADA8B-09F5-469E-911B-456933B27AD6}.Debug|x64.ActiveCfg = Debug|Any CPU
		{B03ADA8B-09F5-469E-911B-456933B27AD6}.Debug|x64.Build.0 = Debug|Any CPU
		{B03ADA8B-09F5-469E-911B-456933B27AD6}.Debug|x86.ActiveCfg = Debug|Any CPU
		{B03ADA8B-09F5-469E-911B-456933B27AD6}.Debug|x86.Build.0 = Debug|Any CPU
		{B03ADA8B-09F5-469E-911B-456933B27AD6}.Release|Any CPU.ActiveCfg = Release|Any CPU
		{B03ADA8B-09F5-469E-911B-456933B27AD6}.Release|Any CPU.Build.0 = Release|Any CPU
		{B03ADA8B-09F5-469E-911B-456933B27AD6}.Release|x64.ActiveCfg = Release|Any CPU
		{B03ADA8B-09F5-469E-911B-456933B27AD6}.Release|x64.Build.0 = Release|Any CPU
		{B03ADA8B-09F5-469E-911B-456933B27AD6}.Release|x86.ActiveCfg = Release|Any CPU
		{B03ADA8B-09F5-469E-911B-456933B27AD6}.Release|x86.Build.0 = Release|Any CPU
		{A0D388B8-9318-44D2-8305-98CE567CA539}.Debug|Any CPU.ActiveCfg = Debug|Any CPU
		{A0D388B8-9318-44D2-8305-98CE567CA539}.Debug|Any CPU.Build.0 = Debug|Any CPU
		{A0D388B8-9318-44D2-8305-98CE567CA539}.Debug|x64.ActiveCfg = Debug|Any CPU
		{A0D388B8-9318-44D2-8305-98CE567CA539}.Debug|x64.Build.0 = Debug|Any CPU
		{A0D388B8-9318-44D2-8305-98CE567CA539}.Debug|x86.ActiveCfg = Debug|Any CPU
		{A0D388B8-9318-44D2-8305-98CE567CA539}.Debug|x86.Build.0 = Debug|Any CPU
		{A0D388B8-9318-44D2-8305-98CE567CA539}.Release|Any CPU.ActiveCfg = Release|Any CPU
		{A0D388B8-9318-44D2-8305-98CE567CA539}.Release|Any CPU.Build.0 = Release|Any CPU
		{A0D388B8-9318-44D2-8305-98CE567CA539}.Release|x64.ActiveCfg = Release|Any CPU
		{A0D388B8-9318-44D2-8305-98CE567CA539}.Release|x64.Build.0 = Release|Any CPU
		{A0D388B8-9318-44D2-8305-98CE567CA539}.Release|x86.ActiveCfg = Release|Any CPU
		{A0D388B8-9318-44D2-8305-98CE567CA539}.Release|x86.Build.0 = Release|Any CPU
	EndGlobalSection
EndGlobal
